{
  "lockfileVersion": 2,
  "configVersion": 1,
  "workspaces": {
    "": {
      "name": "ssr-preact",
      "dependencies": {
        "preact": "10.29.8",
        "preact-render-to-string": "6.7.0",
      },
    },
  },
  "packages": {
    "preact": ["preact@10.29.8", "", { "peerDependencies": { "preact-render-to-string": ">=5" }, "optionalPeers": ["preact-render-to-string"] }, "sha512-ej2aVZ+vZ8WO7tvlQWRM9N63A0KzF9q4mWJfDUHgYaIofWY9hu74QdnQrjoPMmZi2/nZ5gN0bJCQF49xQqx09Q=="],

    "preact-render-to-string": ["preact-render-to-string@6.7.0", "", { "peerDependencies": { "preact": ">=10 || >= 11.0.0-0" } }, "sha512-Z4WR8fmLMRpdYqJ9i7vrlXSsSrxVJydwrkEXHapexfARbWfGb7vGcnvNQnIzN0cXciMVOlz/XLoiMCi9gUsy9Q=="],
  }
}
