{
  "lockfileVersion": 1,
  "workspaces": {
    "": {
      "name": "email-gate",
      "dependencies": {
        "@aws-sdk/client-ses": "^3.839.0",
        "nodemailer": "^7.0.3",
      },
      "devDependencies": {
        "@types/bcryptjs": "latest",
        "@types/nodemailer": "^6.4.17",
        "bun-types": "latest",
      },
      "peerDependencies": {
        "@elysiajs/cors": "latest",
        "@elysiajs/jwt": "^1.3.1",
        "bcryptjs": "latest",
        "elysia": "latest",
        "kysely": "latest",
      },
    },
  },
  "packages": {
    "@aws-crypto/sha256-browser": ["@aws-crypto/sha256-browser@5.2.0", "", { "dependencies": { "@aws-crypto/sha256-js": "^5.2.0", "@aws-crypto/supports-web-crypto": "^5.2.0", "@aws-crypto/util": "^5.2.0", "@aws-sdk/types": "^3.222.0", "@aws-sdk/util-locate-window": "^3.0.0", "@smithy/util-utf8": "^2.0.0", "tslib": "^2.6.2" } }, "sha512-AXfN/lGotSQwu6HNcEsIASo7kWXZ5HYWvfOmSNKDsEqC4OashTp8alTmaz+F7TC2L083SFv5RdB+qU3Vs1kZqw=="],

    "@aws-crypto/sha256-js": ["@aws-crypto/sha256-js@5.2.0", "", { "dependencies": { "@aws-crypto/util": "^5.2.0", "@aws-sdk/types": "^3.222.0", "tslib": "^2.6.2" } }, "sha512-FFQQyu7edu4ufvIZ+OadFpHHOt+eSTBaYaki44c+akjg7qZg9oOQeLlk77F6tSYqjDAFClrHJk9tMf0HdVyOvA=="],

    "@aws-crypto/supports-web-crypto": ["@aws-crypto/supports-web-crypto@5.2.0", "", { "dependencies": { "tslib": "^2.6.2" } }, "sha512-iAvUotm021kM33eCdNfwIN//F77/IADDSs58i+MDaOqFrVjZo9bAal0NK7HurRuWLLpF1iLX7gbWrjHjeo+YFg=="],

    "@aws-crypto/util": ["@aws-crypto/util@5.2.0", "", { "dependencies": { "@aws-sdk/types": "^3.222.0", "@smithy/util-utf8": "^2.0.0", "tslib": "^2.6.2" } }, "sha512-4RkU9EsI6ZpBve5fseQlGNUWKMa1RLPQ1dnjnQoe07ldfIzcsGb5hC5W0Dm7u423KWzawlrpbjXBrXCEv9zazQ=="],

    "@aws-sdk/client-ses": ["@aws-sdk/client-ses@3.839.0", "", { "dependencies": { "@aws-crypto/sha256-browser": "5.2.0", "@aws-crypto/sha256-js": "5.2.0", "@aws-sdk/core": "3.839.0", "@aws-sdk/credential-provider-node": "3.839.0", "@aws-sdk/middleware-host-header": "3.821.0", "@aws-sdk/middleware-logger": "3.821.0", "@aws-sdk/middleware-recursion-detection": "3.821.0", "@aws-sdk/middleware-user-agent": "3.839.0", "@aws-sdk/region-config-resolver": "3.821.0", "@aws-sdk/types": "3.821.0", "@aws-sdk/util-endpoints": "3.828.0", "@aws-sdk/util-user-agent-browser": "3.821.0", "@aws-sdk/util-user-agent-node": "3.839.0", "@smithy/config-resolver": "^4.1.4", "@smithy/core": "^3.6.0", "@smithy/fetch-http-handler": "^5.0.4", "@smithy/hash-node": "^4.0.4", "@smithy/invalid-dependency": "^4.0.4", "@smithy/middleware-content-length": "^4.0.4", "@smithy/middleware-endpoint": "^4.1.13", "@smithy/middleware-retry": "^4.1.14", "@smithy/middleware-serde": "^4.0.8", "@smithy/middleware-stack": "^4.0.4", "@smithy/node-config-provider": "^4.1.3", "@smithy/node-http-handler": "^4.0.6", "@smithy/protocol-http": "^5.1.2", "@smithy/smithy-client": "^4.4.5", "@smithy/types": "^4.3.1", "@smithy/url-parser": "^4.0.4", "@smithy/util-base64": "^4.0.0", "@smithy/util-body-length-browser": "^4.0.0", "@smithy/util-body-length-node": "^4.0.0", "@smithy/util-defaults-mode-browser": "^4.0.21", "@smithy/util-defaults-mode-node": "^4.0.21", "@smithy/util-endpoints": "^3.0.6", "@smithy/util-middleware": "^4.0.4", "@smithy/util-retry": "^4.0.6", "@smithy/util-utf8": "^4.0.0", "@smithy/util-waiter": "^4.0.6", "tslib": "^2.6.2" } }, "sha512-y6JqloPDS1yin71nH5r9KnBBBaJRXtYC1h6WzLBm99nfHjP9qK00JBjO3gRAds+eii9U4kTN2bfT0+1jWMNEuw=="],

    "@aws-sdk/client-sso": ["@aws-sdk/client-sso@3.839.0", "", { "dependencies": { "@aws-crypto/sha256-browser": "5.2.0", "@aws-crypto/sha256-js": "5.2.0", "@aws-sdk/core": "3.839.0", "@aws-sdk/middleware-host-header": "3.821.0", "@aws-sdk/middleware-logger": "3.821.0", "@aws-sdk/middleware-recursion-detection": "3.821.0", "@aws-sdk/middleware-user-agent": "3.839.0", "@aws-sdk/region-config-resolver": "3.821.0", "@aws-sdk/types": "3.821.0", "@aws-sdk/util-endpoints": "3.828.0", "@aws-sdk/util-user-agent-browser": "3.821.0", "@aws-sdk/util-user-agent-node": "3.839.0", "@smithy/config-resolver": "^4.1.4", "@smithy/core": "^3.6.0", "@smithy/fetch-http-handler": "^5.0.4", "@smithy/hash-node": "^4.0.4", "@smithy/invalid-dependency": "^4.0.4", "@smithy/middleware-content-length": "^4.0.4", "@smithy/middleware-endpoint": "^4.1.13", "@smithy/middleware-retry": "^4.1.14", "@smithy/middleware-serde": "^4.0.8", "@smithy/middleware-stack": "^4.0.4", "@smithy/node-config-provider": "^4.1.3", "@smithy/node-http-handler": "^4.0.6", "@smithy/protocol-http": "^5.1.2", "@smithy/smithy-client": "^4.4.5", "@smithy/types": "^4.3.1", "@smithy/url-parser": "^4.0.4", "@smithy/util-base64": "^4.0.0", "@smithy/util-body-length-browser": "^4.0.0", "@smithy/util-body-length-node": "^4.0.0", "@smithy/util-defaults-mode-browser": "^4.0.21", "@smithy/util-defaults-mode-node": "^4.0.21", "@smithy/util-endpoints": "^3.0.6", "@smithy/util-middleware": "^4.0.4", "@smithy/util-retry": "^4.0.6", "@smithy/util-utf8": "^4.0.0", "tslib": "^2.6.2" } }, "sha512-AZABysUhbfcwXVlMo97/vwHgsfJNF81wypCAowpqAJkSjP2KrqsqHpb71/RoR2w8JGmEnBBXRD4wIxDhnmifWg=="],

    "@aws-sdk/core": ["@aws-sdk/core@3.839.0", "", { "dependencies": { "@aws-sdk/types": "3.821.0", "@aws-sdk/xml-builder": "3.821.0", "@smithy/core": "^3.6.0", "@smithy/node-config-provider": "^4.1.3", "@smithy/property-provider": "^4.0.4", "@smithy/protocol-http": "^5.1.2", "@smithy/signature-v4": "^5.1.2", "@smithy/smithy-client": "^4.4.5", "@smithy/types": "^4.3.1", "@smithy/util-base64": "^4.0.0", "@smithy/util-body-length-browser": "^4.0.0", "@smithy/util-middleware": "^4.0.4", "@smithy/util-utf8": "^4.0.0", "fast-xml-parser": "4.4.1", "tslib": "^2.6.2" } }, "sha512-KdwL5RaK7eUIlOpdOoZ5u+2t4X1rdX/MTZgz3IV/aBzjVUoGsp+uUnbyqXomLQSUitPHp72EE/NHDsvWW/IHvQ=="],

    "@aws-sdk/credential-provider-env": ["@aws-sdk/credential-provider-env@3.839.0", "", { "dependencies": { "@aws-sdk/core": "3.839.0", "@aws-sdk/types": "3.821.0", "@smithy/property-provider": "^4.0.4", "@smithy/types": "^4.3.1", "tslib": "^2.6.2" } }, "sha512-cWTadewPPz1OvObZJB+olrgh8VwcgIVcT293ZUT9V0CMF0UU7QaPwJP7uNXcNxltTh+sk1yhjH4UlcnJigZZbA=="],

    "@aws-sdk/credential-provider-http": ["@aws-sdk/credential-provider-http@3.839.0", "", { "dependencies": { "@aws-sdk/core": "3.839.0", "@aws-sdk/types": "3.821.0", "@smithy/fetch-http-handler": "^5.0.4", "@smithy/node-http-handler": "^4.0.6", "@smithy/property-provider": "^4.0.4", "@smithy/protocol-http": "^5.1.2", "@smithy/smithy-client": "^4.4.5", "@smithy/types": "^4.3.1", "@smithy/util-stream": "^4.2.2", "tslib": "^2.6.2" } }, "sha512-fv0BZwrDhWDju4D1MCLT4I2aPjr0dVQ6P+MpqvcGNOA41Oa9UdRhYTV5iuy5NLXzIzoCmnS+XfSq5Kbsf6//xw=="],

    "@aws-sdk/credential-provider-ini": ["@aws-sdk/credential-provider-ini@3.839.0", "", { "dependencies": { "@aws-sdk/core": "3.839.0", "@aws-sdk/credential-provider-env": "3.839.0", "@aws-sdk/credential-provider-http": "3.839.0", "@aws-sdk/credential-provider-process": "3.839.0", "@aws-sdk/credential-provider-sso": "3.839.0", "@aws-sdk/credential-provider-web-identity": "3.839.0", "@aws-sdk/nested-clients": "3.839.0", "@aws-sdk/types": "3.821.0", "@smithy/credential-provider-imds": "^4.0.6", "@smithy/property-provider": "^4.0.4", "@smithy/shared-ini-file-loader": "^4.0.4", "@smithy/types": "^4.3.1", "tslib": "^2.6.2" } }, "sha512-GHm0hF4CiDxIDR7TauMaA6iI55uuSqRxMBcqTAHaTPm6+h1A+MS+ysQMxZ+Jvwtoy8WmfTIGrJVxSCw0sK2hvA=="],

    "@aws-sdk/credential-provider-node": ["@aws-sdk/credential-provider-node@3.839.0", "", { "dependencies": { "@aws-sdk/credential-provider-env": "3.839.0", "@aws-sdk/credential-provider-http": "3.839.0", "@aws-sdk/credential-provider-ini": "3.839.0", "@aws-sdk/credential-provider-process": "3.839.0", "@aws-sdk/credential-provider-sso": "3.839.0", "@aws-sdk/credential-provider-web-identity": "3.839.0", "@aws-sdk/types": "3.821.0", "@smithy/credential-provider-imds": "^4.0.6", "@smithy/property-provider": "^4.0.4", "@smithy/shared-ini-file-loader": "^4.0.4", "@smithy/types": "^4.3.1", "tslib": "^2.6.2" } }, "sha512-7bR+U2h+ft0V8chyeu9Bh/pvau4ZkQMeRt5f0dAULoepZQ77QQVRP4H04yJPTg9DCtqbVULQ3uf5YOp1/08vQw=="],

    "@aws-sdk/credential-provider-process": ["@aws-sdk/credential-provider-process@3.839.0", "", { "dependencies": { "@aws-sdk/core": "3.839.0", "@aws-sdk/types": "3.821.0", "@smithy/property-provider": "^4.0.4", "@smithy/shared-ini-file-loader": "^4.0.4", "@smithy/types": "^4.3.1", "tslib": "^2.6.2" } }, "sha512-qShpekjociUZ+isyQNa0P7jo+0q3N2+0eJDg8SGyP6K6hHTcGfiqxTDps+IKl6NreCPhZCBzyI9mWkP0xSDR6g=="],

    "@aws-sdk/credential-provider-sso": ["@aws-sdk/credential-provider-sso@3.839.0", "", { "dependencies": { "@aws-sdk/client-sso": "3.839.0", "@aws-sdk/core": "3.839.0", "@aws-sdk/token-providers": "3.839.0", "@aws-sdk/types": "3.821.0", "@smithy/property-provider": "^4.0.4", "@smithy/shared-ini-file-loader": "^4.0.4", "@smithy/types": "^4.3.1", "tslib": "^2.6.2" } }, "sha512-w10zBLHhU8SBQcdrSPMI02haLoRGZg+gP7mH/Er8VhIXfHefbr7o4NirmB0hwdw/YAH8MLlC9jj7c2SJlsNhYA=="],

    "@aws-sdk/credential-provider-web-identity": ["@aws-sdk/credential-provider-web-identity@3.839.0", "", { "dependencies": { "@aws-sdk/core": "3.839.0", "@aws-sdk/nested-clients": "3.839.0", "@aws-sdk/types": "3.821.0", "@smithy/property-provider": "^4.0.4", "@smithy/types": "^4.3.1", "tslib": "^2.6.2" } }, "sha512-EvqTc7J1kgmiuxknpCp1S60hyMQvmKxsI5uXzQtcogl/N55rxiXEqnCLI5q6p33q91PJegrcMCM5Q17Afhm5qA=="],

    "@aws-sdk/middleware-host-header": ["@aws-sdk/middleware-host-header@3.821.0", "", { "dependencies": { "@aws-sdk/types": "3.821.0", "@smithy/protocol-http": "^5.1.2", "@smithy/types": "^4.3.1", "tslib": "^2.6.2" } }, "sha512-xSMR+sopSeWGx5/4pAGhhfMvGBHioVBbqGvDs6pG64xfNwM5vq5s5v6D04e2i+uSTj4qGa71dLUs5I0UzAK3sw=="],

    "@aws-sdk/middleware-logger": ["@aws-sdk/middleware-logger@3.821.0", "", { "dependencies": { "@aws-sdk/types": "3.821.0", "@smithy/types": "^4.3.1", "tslib": "^2.6.2" } }, "sha512-0cvI0ipf2tGx7fXYEEN5fBeZDz2RnHyb9xftSgUsEq7NBxjV0yTZfLJw6Za5rjE6snC80dRN8+bTNR1tuG89zA=="],

    "@aws-sdk/middleware-recursion-detection": ["@aws-sdk/middleware-recursion-detection@3.821.0", "", { "dependencies": { "@aws-sdk/types": "3.821.0", "@smithy/protocol-http": "^5.1.2", "@smithy/types": "^4.3.1", "tslib": "^2.6.2" } }, "sha512-efmaifbhBoqKG3bAoEfDdcM8hn1psF+4qa7ykWuYmfmah59JBeqHLfz5W9m9JoTwoKPkFcVLWZxnyZzAnVBOIg=="],

    "@aws-sdk/middleware-user-agent": ["@aws-sdk/middleware-user-agent@3.839.0", "", { "dependencies": { "@aws-sdk/core": "3.839.0", "@aws-sdk/types": "3.821.0", "@aws-sdk/util-endpoints": "3.828.0", "@smithy/core": "^3.6.0", "@smithy/protocol-http": "^5.1.2", "@smithy/types": "^4.3.1", "tslib": "^2.6.2" } }, "sha512-2u74uRM1JWq6Sf7+3YpjejPM9YkomGt4kWhrmooIBEq1k5r2GTbkH7pNCxBQwBueXM21jAGVDxxeClpTx+5hig=="],

    "@aws-sdk/nested-clients": ["@aws-sdk/nested-clients@3.839.0", "", { "dependencies": { "@aws-crypto/sha256-browser": "5.2.0", "@aws-crypto/sha256-js": "5.2.0", "@aws-sdk/core": "3.839.0", "@aws-sdk/middleware-host-header": "3.821.0", "@aws-sdk/middleware-logger": "3.821.0", "@aws-sdk/middleware-recursion-detection": "3.821.0", "@aws-sdk/middleware-user-agent": "3.839.0", "@aws-sdk/region-config-resolver": "3.821.0", "@aws-sdk/types": "3.821.0", "@aws-sdk/util-endpoints": "3.828.0", "@aws-sdk/util-user-agent-browser": "3.821.0", "@aws-sdk/util-user-agent-node": "3.839.0", "@smithy/config-resolver": "^4.1.4", "@smithy/core": "^3.6.0", "@smithy/fetch-http-handler": "^5.0.4", "@smithy/hash-node": "^4.0.4", "@smithy/invalid-dependency": "^4.0.4", "@smithy/middleware-content-length": "^4.0.4", "@smithy/middleware-endpoint": "^4.1.13", "@smithy/middleware-retry": "^4.1.14", "@smithy/middleware-serde": "^4.0.8", "@smithy/middleware-stack": "^4.0.4", "@smithy/node-config-provider": "^4.1.3", "@smithy/node-http-handler": "^4.0.6", "@smithy/protocol-http": "^5.1.2", "@smithy/smithy-client": "^4.4.5", "@smithy/types": "^4.3.1", "@smithy/url-parser": "^4.0.4", "@smithy/util-base64": "^4.0.0", "@smithy/util-body-length-browser": "^4.0.0", "@smithy/util-body-length-node": "^4.0.0", "@smithy/util-defaults-mode-browser": "^4.0.21", "@smithy/util-defaults-mode-node": "^4.0.21", "@smithy/util-endpoints": "^3.0.6", "@smithy/util-middleware": "^4.0.4", "@smithy/util-retry": "^4.0.6", "@smithy/util-utf8": "^4.0.0", "tslib": "^2.6.2" } }, "sha512-Glic0pg2THYP3aRhJORwJJBe1JLtJoEdWV/MFZNyzCklfMwEzpWtZAyxy+tQyFmMeW50uBAnh2R0jhMMcf257w=="],

    "@aws-sdk/region-config-resolver": ["@aws-sdk/region-config-resolver@3.821.0", "", { "dependencies": { "@aws-sdk/types": "3.821.0", "@smithy/node-config-provider": "^4.1.3", "@smithy/types": "^4.3.1", "@smithy/util-config-provider": "^4.0.0", "@smithy/util-middleware": "^4.0.4", "tslib": "^2.6.2" } }, "sha512-t8og+lRCIIy5nlId0bScNpCkif8sc0LhmtaKsbm0ZPm3sCa/WhCbSZibjbZ28FNjVCV+p0D9RYZx0VDDbtWyjw=="],

    "@aws-sdk/token-providers": ["@aws-sdk/token-providers@3.839.0", "", { "dependencies": { "@aws-sdk/core": "3.839.0", "@aws-sdk/nested-clients": "3.839.0", "@aws-sdk/types": "3.821.0", "@smithy/property-provider": "^4.0.4", "@smithy/shared-ini-file-loader": "^4.0.4", "@smithy/types": "^4.3.1", "tslib": "^2.6.2" } }, "sha512-2nlafqdSbet/2WtYIoZ7KEGFowFonPBDYlTjrUvwU2yooE10VhvzhLSCTB2aKIVzo2Z2wL5WGFQsqAY5QwK6Bw=="],

    "@aws-sdk/types": ["@aws-sdk/types@3.821.0", "", { "dependencies": { "@smithy/types": "^4.3.1", "tslib": "^2.6.2" } }, "sha512-Znroqdai1a90TlxGaJ+FK1lwC0fHpo97Xjsp5UKGR5JODYm7f9+/fF17ebO1KdoBr/Rm0UIFiF5VmI8ts9F1eA=="],

    "@aws-sdk/util-endpoints": ["@aws-sdk/util-endpoints@3.828.0", "", { "dependencies": { "@aws-sdk/types": "3.821.0", "@smithy/types": "^4.3.1", "@smithy/util-endpoints": "^3.0.6", "tslib": "^2.6.2" } }, "sha512-RvKch111SblqdkPzg3oCIdlGxlQs+k+P7Etory9FmxPHyPDvsP1j1c74PmgYqtzzMWmoXTjd+c9naUHh9xG8xg=="],

    "@aws-sdk/util-locate-window": ["@aws-sdk/util-locate-window@3.804.0", "", { "dependencies": { "tslib": "^2.6.2" } }, "sha512-zVoRfpmBVPodYlnMjgVjfGoEZagyRF5IPn3Uo6ZvOZp24chnW/FRstH7ESDHDDRga4z3V+ElUQHKpFDXWyBW5A=="],

    "@aws-sdk/util-user-agent-browser": ["@aws-sdk/util-user-agent-browser@3.821.0", "", { "dependencies": { "@aws-sdk/types": "3.821.0", "@smithy/types": "^4.3.1", "bowser": "^2.11.0", "tslib": "^2.6.2" } }, "sha512-irWZHyM0Jr1xhC+38OuZ7JB6OXMLPZlj48thElpsO1ZSLRkLZx5+I7VV6k3sp2yZ7BYbKz/G2ojSv4wdm7XTLw=="],

    "@aws-sdk/util-user-agent-node": ["@aws-sdk/util-user-agent-node@3.839.0", "", { "dependencies": { "@aws-sdk/middleware-user-agent": "3.839.0", "@aws-sdk/types": "3.821.0", "@smithy/node-config-provider": "^4.1.3", "@smithy/types": "^4.3.1", "tslib": "^2.6.2" }, "peerDependencies": { "aws-crt": ">=1.0.0" }, "optionalPeers": ["aws-crt"] }, "sha512-MuunkIG1bJVMtTH7MbjXOrhHleU5wjHz5eCAUc6vj7M9rwol71nqjj9b8RLnkO5gsJcKc29Qk8iV6xQuzKWNMw=="],

    "@aws-sdk/xml-builder": ["@aws-sdk/xml-builder@3.821.0", "", { "dependencies": { "@smithy/types": "^4.3.1", "tslib": "^2.6.2" } }, "sha512-DIIotRnefVL6DiaHtO6/21DhJ4JZnnIwdNbpwiAhdt/AVbttcE4yw925gsjur0OGv5BTYXQXU3YnANBYnZjuQA=="],

    "@biomejs/biome": ["@biomejs/biome@2.0.6", "", { "optionalDependencies": { "@biomejs/cli-darwin-arm64": "2.0.6", "@biomejs/cli-darwin-x64": "2.0.6", "@biomejs/cli-linux-arm64": "2.0.6", "@biomejs/cli-linux-arm64-musl": "2.0.6", "@biomejs/cli-linux-x64": "2.0.6", "@biomejs/cli-linux-x64-musl": "2.0.6", "@biomejs/cli-win32-arm64": "2.0.6", "@biomejs/cli-win32-x64": "2.0.6" }, "bin": { "biome": "bin/biome" } }, "sha512-RRP+9cdh5qwe2t0gORwXaa27oTOiQRQvrFf49x2PA1tnpsyU7FIHX4ZOFMtBC4QNtyWsN7Dqkf5EDbg4X+9iqA=="],

    "@biomejs/cli-darwin-arm64": ["@biomejs/cli-darwin-arm64@2.0.6", "", { "os": "darwin", "cpu": "arm64" }, "sha512-AzdiNNjNzsE6LfqWyBvcL29uWoIuZUkndu+wwlXW13EKcBHbbKjNQEZIJKYDc6IL+p7bmWGx3v9ZtcRyIoIz5A=="],

    "@biomejs/cli-darwin-x64": ["@biomejs/cli-darwin-x64@2.0.6", "", { "os": "darwin", "cpu": "x64" }, "sha512-wJjjP4E7bO4WJmiQaLnsdXMa516dbtC6542qeRkyJg0MqMXP0fvs4gdsHhZ7p9XWTAmGIjZHFKXdsjBvKGIJJQ=="],

    "@biomejs/cli-linux-arm64": ["@biomejs/cli-linux-arm64@2.0.6", "", { "os": "linux", "cpu": "arm64" }, "sha512-ZSVf6TYo5rNMUHIW1tww+rs/krol7U5A1Is/yzWyHVZguuB0lBnIodqyFuwCNqG9aJGyk7xIMS8HG0qGUPz0SA=="],

    "@biomejs/cli-linux-arm64-musl": ["@biomejs/cli-linux-arm64-musl@2.0.6", "", { "os": "linux", "cpu": "arm64" }, "sha512-CVPEMlin3bW49sBqLBg2x016Pws7eUXA27XYDFlEtponD0luYjg2zQaMJ2nOqlkKG9fqzzkamdYxHdMDc2gZFw=="],

    "@biomejs/cli-linux-x64": ["@biomejs/cli-linux-x64@2.0.6", "", { "os": "linux", "cpu": "x64" }, "sha512-geM1MkHTV1Kh2Cs/Xzot9BOF3WBacihw6bkEmxkz4nSga8B9/hWy5BDiOG3gHDGIBa8WxT0nzsJs2f/hPqQIQw=="],

    "@biomejs/cli-linux-x64-musl": ["@biomejs/cli-linux-x64-musl@2.0.6", "", { "os": "linux", "cpu": "x64" }, "sha512-mKHE/e954hR/hSnAcJSjkf4xGqZc/53Kh39HVW1EgO5iFi0JutTN07TSjEMg616julRtfSNJi0KNyxvc30Y4rQ=="],

    "@biomejs/cli-win32-arm64": ["@biomejs/cli-win32-arm64@2.0.6", "", { "os": "win32", "cpu": "arm64" }, "sha512-290V4oSFoKaprKE1zkYVsDfAdn0An5DowZ+GIABgjoq1ndhvNxkJcpxPsiYtT7slbVe3xmlT0ncdfOsN7KruzA=="],

    "@biomejs/cli-win32-x64": ["@biomejs/cli-win32-x64@2.0.6", "", { "os": "win32", "cpu": "x64" }, "sha512-bfM1Bce0d69Ao7pjTjUS+AWSZ02+5UHdiAP85Th8e9yV5xzw6JrHXbL5YWlcEKQ84FIZMdDc7ncuti1wd2sdbw=="],

    "@elysiajs/cors": ["@elysiajs/cors@1.3.3", "", { "peerDependencies": { "elysia": ">= 1.3.0" } }, "sha512-mYIU6PyMM6xIJuj7d27Vt0/wuzVKIEnFPjcvlkyd7t/m9xspAG37cwNjFxVOnyvY43oOd2I/oW2DB85utXpA2Q=="],

    "@elysiajs/jwt": ["@elysiajs/jwt@1.3.1", "", { "dependencies": { "jose": "^6.0.11" }, "peerDependencies": { "elysia": ">= 1.3.0" } }, "sha512-BVLAp0ER4839bR82ElgTsI7OoPxvFWP5u02KMgqpNoAM6xirJBYTKqANzY9ghuMfQoVEuD4B1/8lZwdPKAVg9Q=="],

    "@sinclair/typebox": ["@sinclair/typebox@0.34.37", "", {}, "sha512-2TRuQVgQYfy+EzHRTIvkhv2ADEouJ2xNS/Vq+W5EuuewBdOrvATvljZTxHWZSTYr2sTjTHpGvucaGAt67S2akw=="],

    "@smithy/abort-controller": ["@smithy/abort-controller@4.0.4", "", { "dependencies": { "@smithy/types": "^4.3.1", "tslib": "^2.6.2" } }, "sha512-gJnEjZMvigPDQWHrW3oPrFhQtkrgqBkyjj3pCIdF3A5M6vsZODG93KNlfJprv6bp4245bdT32fsHK4kkH3KYDA=="],

    "@smithy/config-resolver": ["@smithy/config-resolver@4.1.4", "", { "dependencies": { "@smithy/node-config-provider": "^4.1.3", "@smithy/types": "^4.3.1", "@smithy/util-config-provider": "^4.0.0", "@smithy/util-middleware": "^4.0.4", "tslib": "^2.6.2" } }, "sha512-prmU+rDddxHOH0oNcwemL+SwnzcG65sBF2yXRO7aeXIn/xTlq2pX7JLVbkBnVLowHLg4/OL4+jBmv9hVrVGS+w=="],

    "@smithy/core": ["@smithy/core@3.6.0", "", { "dependencies": { "@smithy/middleware-serde": "^4.0.8", "@smithy/protocol-http": "^5.1.2", "@smithy/types": "^4.3.1", "@smithy/util-base64": "^4.0.0", "@smithy/util-body-length-browser": "^4.0.0", "@smithy/util-middleware": "^4.0.4", "@smithy/util-stream": "^4.2.2", "@smithy/util-utf8": "^4.0.0", "tslib": "^2.6.2" } }, "sha512-Pgvfb+TQ4wUNLyHzvgCP4aYZMh16y7GcfF59oirRHcgGgkH1e/s9C0nv/v3WP+Quymyr5je71HeFQCwh+44XLg=="],

    "@smithy/credential-provider-imds": ["@smithy/credential-provider-imds@4.0.6", "", { "dependencies": { "@smithy/node-config-provider": "^4.1.3", "@smithy/property-provider": "^4.0.4", "@smithy/types": "^4.3.1", "@smithy/url-parser": "^4.0.4", "tslib": "^2.6.2" } }, "sha512-hKMWcANhUiNbCJouYkZ9V3+/Qf9pteR1dnwgdyzR09R4ODEYx8BbUysHwRSyex4rZ9zapddZhLFTnT4ZijR4pw=="],

    "@smithy/fetch-http-handler": ["@smithy/fetch-http-handler@5.0.4", "", { "dependencies": { "@smithy/protocol-http": "^5.1.2", "@smithy/querystring-builder": "^4.0.4", "@smithy/types": "^4.3.1", "@smithy/util-base64": "^4.0.0", "tslib": "^2.6.2" } }, "sha512-AMtBR5pHppYMVD7z7G+OlHHAcgAN7v0kVKEpHuTO4Gb199Gowh0taYi9oDStFeUhetkeP55JLSVlTW1n9rFtUw=="],

    "@smithy/hash-node": ["@smithy/hash-node@4.0.4", "", { "dependencies": { "@smithy/types": "^4.3.1", "@smithy/util-buffer-from": "^4.0.0", "@smithy/util-utf8": "^4.0.0", "tslib": "^2.6.2" } }, "sha512-qnbTPUhCVnCgBp4z4BUJUhOEkVwxiEi1cyFM+Zj6o+aY8OFGxUQleKWq8ltgp3dujuhXojIvJWdoqpm6dVO3lQ=="],

    "@smithy/invalid-dependency": ["@smithy/invalid-dependency@4.0.4", "", { "dependencies": { "@smithy/types": "^4.3.1", "tslib": "^2.6.2" } }, "sha512-bNYMi7WKTJHu0gn26wg8OscncTt1t2b8KcsZxvOv56XA6cyXtOAAAaNP7+m45xfppXfOatXF3Sb1MNsLUgVLTw=="],

    "@smithy/is-array-buffer": ["@smithy/is-array-buffer@4.0.0", "", { "dependencies": { "tslib": "^2.6.2" } }, "sha512-saYhF8ZZNoJDTvJBEWgeBccCg+yvp1CX+ed12yORU3NilJScfc6gfch2oVb4QgxZrGUx3/ZJlb+c/dJbyupxlw=="],

    "@smithy/middleware-content-length": ["@smithy/middleware-content-length@4.0.4", "", { "dependencies": { "@smithy/protocol-http": "^5.1.2", "@smithy/types": "^4.3.1", "tslib": "^2.6.2" } }, "sha512-F7gDyfI2BB1Kc+4M6rpuOLne5LOcEknH1n6UQB69qv+HucXBR1rkzXBnQTB2q46sFy1PM/zuSJOB532yc8bg3w=="],

    "@smithy/middleware-endpoint": ["@smithy/middleware-endpoint@4.1.13", "", { "dependencies": { "@smithy/core": "^3.6.0", "@smithy/middleware-serde": "^4.0.8", "@smithy/node-config-provider": "^4.1.3", "@smithy/shared-ini-file-loader": "^4.0.4", "@smithy/types": "^4.3.1", "@smithy/url-parser": "^4.0.4", "@smithy/util-middleware": "^4.0.4", "tslib": "^2.6.2" } }, "sha512-xg3EHV/Q5ZdAO5b0UiIMj3RIOCobuS40pBBODguUDVdko6YK6QIzCVRrHTogVuEKglBWqWenRnZ71iZnLL3ZAQ=="],

    "@smithy/middleware-retry": ["@smithy/middleware-retry@4.1.14", "", { "dependencies": { "@smithy/node-config-provider": "^4.1.3", "@smithy/protocol-http": "^5.1.2", "@smithy/service-error-classification": "^4.0.6", "@smithy/smithy-client": "^4.4.5", "@smithy/types": "^4.3.1", "@smithy/util-middleware": "^4.0.4", "@smithy/util-retry": "^4.0.6", "tslib": "^2.6.2", "uuid": "^9.0.1" } }, "sha512-eoXaLlDGpKvdmvt+YBfRXE7HmIEtFF+DJCbTPwuLunP0YUnrydl+C4tS+vEM0+nyxXrX3PSUFqC+lP1+EHB1Tw=="],

    "@smithy/middleware-serde": ["@smithy/middleware-serde@4.0.8", "", { "dependencies": { "@smithy/protocol-http": "^5.1.2", "@smithy/types": "^4.3.1", "tslib": "^2.6.2" } }, "sha512-iSSl7HJoJaGyMIoNn2B7czghOVwJ9nD7TMvLhMWeSB5vt0TnEYyRRqPJu/TqW76WScaNvYYB8nRoiBHR9S1Ddw=="],

    "@smithy/middleware-stack": ["@smithy/middleware-stack@4.0.4", "", { "dependencies": { "@smithy/types": "^4.3.1", "tslib": "^2.6.2" } }, "sha512-kagK5ggDrBUCCzI93ft6DjteNSfY8Ulr83UtySog/h09lTIOAJ/xUSObutanlPT0nhoHAkpmW9V5K8oPyLh+QA=="],

    "@smithy/node-config-provider": ["@smithy/node-config-provider@4.1.3", "", { "dependencies": { "@smithy/property-provider": "^4.0.4", "@smithy/shared-ini-file-loader": "^4.0.4", "@smithy/types": "^4.3.1", "tslib": "^2.6.2" } }, "sha512-HGHQr2s59qaU1lrVH6MbLlmOBxadtzTsoO4c+bF5asdgVik3I8o7JIOzoeqWc5MjVa+vD36/LWE0iXKpNqooRw=="],

    "@smithy/node-http-handler": ["@smithy/node-http-handler@4.0.6", "", { "dependencies": { "@smithy/abort-controller": "^4.0.4", "@smithy/protocol-http": "^5.1.2", "@smithy/querystring-builder": "^4.0.4", "@smithy/types": "^4.3.1", "tslib": "^2.6.2" } }, "sha512-NqbmSz7AW2rvw4kXhKGrYTiJVDHnMsFnX4i+/FzcZAfbOBauPYs2ekuECkSbtqaxETLLTu9Rl/ex6+I2BKErPA=="],

    "@smithy/property-provider": ["@smithy/property-provider@4.0.4", "", { "dependencies": { "@smithy/types": "^4.3.1", "tslib": "^2.6.2" } }, "sha512-qHJ2sSgu4FqF4U/5UUp4DhXNmdTrgmoAai6oQiM+c5RZ/sbDwJ12qxB1M6FnP+Tn/ggkPZf9ccn4jqKSINaquw=="],

    "@smithy/protocol-http": ["@smithy/protocol-http@5.1.2", "", { "dependencies": { "@smithy/types": "^4.3.1", "tslib": "^2.6.2" } }, "sha512-rOG5cNLBXovxIrICSBm95dLqzfvxjEmuZx4KK3hWwPFHGdW3lxY0fZNXfv2zebfRO7sJZ5pKJYHScsqopeIWtQ=="],

    "@smithy/querystring-builder": ["@smithy/querystring-builder@4.0.4", "", { "dependencies": { "@smithy/types": "^4.3.1", "@smithy/util-uri-escape": "^4.0.0", "tslib": "^2.6.2" } }, "sha512-SwREZcDnEYoh9tLNgMbpop+UTGq44Hl9tdj3rf+yeLcfH7+J8OXEBaMc2kDxtyRHu8BhSg9ADEx0gFHvpJgU8w=="],

    "@smithy/querystring-parser": ["@smithy/querystring-parser@4.0.4", "", { "dependencies": { "@smithy/types": "^4.3.1", "tslib": "^2.6.2" } }, "sha512-6yZf53i/qB8gRHH/l2ZwUG5xgkPgQF15/KxH0DdXMDHjesA9MeZje/853ifkSY0x4m5S+dfDZ+c4x439PF0M2w=="],

    "@smithy/service-error-classification": ["@smithy/service-error-classification@4.0.6", "", { "dependencies": { "@smithy/types": "^4.3.1" } }, "sha512-RRoTDL//7xi4tn5FrN2NzH17jbgmnKidUqd4KvquT0954/i6CXXkh1884jBiunq24g9cGtPBEXlU40W6EpNOOg=="],

    "@smithy/shared-ini-file-loader": ["@smithy/shared-ini-file-loader@4.0.4", "", { "dependencies": { "@smithy/types": "^4.3.1", "tslib": "^2.6.2" } }, "sha512-63X0260LoFBjrHifPDs+nM9tV0VMkOTl4JRMYNuKh/f5PauSjowTfvF3LogfkWdcPoxsA9UjqEOgjeYIbhb7Nw=="],

    "@smithy/signature-v4": ["@smithy/signature-v4@5.1.2", "", { "dependencies": { "@smithy/is-array-buffer": "^4.0.0", "@smithy/protocol-http": "^5.1.2", "@smithy/types": "^4.3.1", "@smithy/util-hex-encoding": "^4.0.0", "@smithy/util-middleware": "^4.0.4", "@smithy/util-uri-escape": "^4.0.0", "@smithy/util-utf8": "^4.0.0", "tslib": "^2.6.2" } }, "sha512-d3+U/VpX7a60seHziWnVZOHuEgJlclufjkS6zhXvxcJgkJq4UWdH5eOBLzHRMx6gXjsdT9h6lfpmLzbrdupHgQ=="],

    "@smithy/smithy-client": ["@smithy/smithy-client@4.4.5", "", { "dependencies": { "@smithy/core": "^3.6.0", "@smithy/middleware-endpoint": "^4.1.13", "@smithy/middleware-stack": "^4.0.4", "@smithy/protocol-http": "^5.1.2", "@smithy/types": "^4.3.1", "@smithy/util-stream": "^4.2.2", "tslib": "^2.6.2" } }, "sha512-+lynZjGuUFJaMdDYSTMnP/uPBBXXukVfrJlP+1U/Dp5SFTEI++w6NMga8DjOENxecOF71V9Z2DllaVDYRnGlkg=="],

    "@smithy/types": ["@smithy/types@4.3.1", "", { "dependencies": { "tslib": "^2.6.2" } }, "sha512-UqKOQBL2x6+HWl3P+3QqFD4ncKq0I8Nuz9QItGv5WuKuMHuuwlhvqcZCoXGfc+P1QmfJE7VieykoYYmrOoFJxA=="],

    "@smithy/url-parser": ["@smithy/url-parser@4.0.4", "", { "dependencies": { "@smithy/querystring-parser": "^4.0.4", "@smithy/types": "^4.3.1", "tslib": "^2.6.2" } }, "sha512-eMkc144MuN7B0TDA4U2fKs+BqczVbk3W+qIvcoCY6D1JY3hnAdCuhCZODC+GAeaxj0p6Jroz4+XMUn3PCxQQeQ=="],

    "@smithy/util-base64": ["@smithy/util-base64@4.0.0", "", { "dependencies": { "@smithy/util-buffer-from": "^4.0.0", "@smithy/util-utf8": "^4.0.0", "tslib": "^2.6.2" } }, "sha512-CvHfCmO2mchox9kjrtzoHkWHxjHZzaFojLc8quxXY7WAAMAg43nuxwv95tATVgQFNDwd4M9S1qFzj40Ul41Kmg=="],

    "@smithy/util-body-length-browser": ["@smithy/util-body-length-browser@4.0.0", "", { "dependencies": { "tslib": "^2.6.2" } }, "sha512-sNi3DL0/k64/LO3A256M+m3CDdG6V7WKWHdAiBBMUN8S3hK3aMPhwnPik2A/a2ONN+9doY9UxaLfgqsIRg69QA=="],

    "@smithy/util-body-length-node": ["@smithy/util-body-length-node@4.0.0", "", { "dependencies": { "tslib": "^2.6.2" } }, "sha512-q0iDP3VsZzqJyje8xJWEJCNIu3lktUGVoSy1KB0UWym2CL1siV3artm+u1DFYTLejpsrdGyCSWBdGNjJzfDPjg=="],

    "@smithy/util-buffer-from": ["@smithy/util-buffer-from@4.0.0", "", { "dependencies": { "@smithy/is-array-buffer": "^4.0.0", "tslib": "^2.6.2" } }, "sha512-9TOQ7781sZvddgO8nxueKi3+yGvkY35kotA0Y6BWRajAv8jjmigQ1sBwz0UX47pQMYXJPahSKEKYFgt+rXdcug=="],

    "@smithy/util-config-provider": ["@smithy/util-config-provider@4.0.0", "", { "dependencies": { "tslib": "^2.6.2" } }, "sha512-L1RBVzLyfE8OXH+1hsJ8p+acNUSirQnWQ6/EgpchV88G6zGBTDPdXiiExei6Z1wR2RxYvxY/XLw6AMNCCt8H3w=="],

    "@smithy/util-defaults-mode-browser": ["@smithy/util-defaults-mode-browser@4.0.21", "", { "dependencies": { "@smithy/property-provider": "^4.0.4", "@smithy/smithy-client": "^4.4.5", "@smithy/types": "^4.3.1", "bowser": "^2.11.0", "tslib": "^2.6.2" } }, "sha512-wM0jhTytgXu3wzJoIqpbBAG5U6BwiubZ6QKzSbP7/VbmF1v96xlAbX2Am/mz0Zep0NLvLh84JT0tuZnk3wmYQA=="],

    "@smithy/util-defaults-mode-node": ["@smithy/util-defaults-mode-node@4.0.21", "", { "dependencies": { "@smithy/config-resolver": "^4.1.4", "@smithy/credential-provider-imds": "^4.0.6", "@smithy/node-config-provider": "^4.1.3", "@smithy/property-provider": "^4.0.4", "@smithy/smithy-client": "^4.4.5", "@smithy/types": "^4.3.1", "tslib": "^2.6.2" } }, "sha512-/F34zkoU0GzpUgLJydHY8Rxu9lBn8xQC/s/0M0U9lLBkYbA1htaAFjWYJzpzsbXPuri5D1H8gjp2jBum05qBrA=="],

    "@smithy/util-endpoints": ["@smithy/util-endpoints@3.0.6", "", { "dependencies": { "@smithy/node-config-provider": "^4.1.3", "@smithy/types": "^4.3.1", "tslib": "^2.6.2" } }, "sha512-YARl3tFL3WgPuLzljRUnrS2ngLiUtkwhQtj8PAL13XZSyUiNLQxwG3fBBq3QXFqGFUXepIN73pINp3y8c2nBmA=="],

    "@smithy/util-hex-encoding": ["@smithy/util-hex-encoding@4.0.0", "", { "dependencies": { "tslib": "^2.6.2" } }, "sha512-Yk5mLhHtfIgW2W2WQZWSg5kuMZCVbvhFmC7rV4IO2QqnZdbEFPmQnCcGMAX2z/8Qj3B9hYYNjZOhWym+RwhePw=="],

    "@smithy/util-middleware": ["@smithy/util-middleware@4.0.4", "", { "dependencies": { "@smithy/types": "^4.3.1", "tslib": "^2.6.2" } }, "sha512-9MLKmkBmf4PRb0ONJikCbCwORACcil6gUWojwARCClT7RmLzF04hUR4WdRprIXal7XVyrddadYNfp2eF3nrvtQ=="],

    "@smithy/util-retry": ["@smithy/util-retry@4.0.6", "", { "dependencies": { "@smithy/service-error-classification": "^4.0.6", "@smithy/types": "^4.3.1", "tslib": "^2.6.2" } }, "sha512-+YekoF2CaSMv6zKrA6iI/N9yva3Gzn4L6n35Luydweu5MMPYpiGZlWqehPHDHyNbnyaYlz/WJyYAZnC+loBDZg=="],

    "@smithy/util-stream": ["@smithy/util-stream@4.2.2", "", { "dependencies": { "@smithy/fetch-http-handler": "^5.0.4", "@smithy/node-http-handler": "^4.0.6", "@smithy/types": "^4.3.1", "@smithy/util-base64": "^4.0.0", "@smithy/util-buffer-from": "^4.0.0", "@smithy/util-hex-encoding": "^4.0.0", "@smithy/util-utf8": "^4.0.0", "tslib": "^2.6.2" } }, "sha512-aI+GLi7MJoVxg24/3J1ipwLoYzgkB4kUfogZfnslcYlynj3xsQ0e7vk4TnTro9hhsS5PvX1mwmkRqqHQjwcU7w=="],

    "@smithy/util-uri-escape": ["@smithy/util-uri-escape@4.0.0", "", { "dependencies": { "tslib": "^2.6.2" } }, "sha512-77yfbCbQMtgtTylO9itEAdpPXSog3ZxMe09AEhm0dU0NLTalV70ghDZFR+Nfi1C60jnJoh/Re4090/DuZh2Omg=="],

    "@smithy/util-utf8": ["@smithy/util-utf8@4.0.0", "", { "dependencies": { "@smithy/util-buffer-from": "^4.0.0", "tslib": "^2.6.2" } }, "sha512-b+zebfKCfRdgNJDknHCob3O7FpeYQN6ZG6YLExMcasDHsCXlsXCEuiPZeLnJLpwa5dvPetGlnGCiMHuLwGvFow=="],

    "@smithy/util-waiter": ["@smithy/util-waiter@4.0.6", "", { "dependencies": { "@smithy/abort-controller": "^4.0.4", "@smithy/types": "^4.3.1", "tslib": "^2.6.2" } }, "sha512-slcr1wdRbX7NFphXZOxtxRNA7hXAAtJAXJDE/wdoMAos27SIquVCKiSqfB6/28YzQ8FCsB5NKkhdM5gMADbqxg=="],

    "@tokenizer/inflate": ["@tokenizer/inflate@0.2.7", "", { "dependencies": { "debug": "^4.4.0", "fflate": "^0.8.2", "token-types": "^6.0.0" } }, "sha512-MADQgmZT1eKjp06jpI2yozxaU9uVs4GzzgSL+uEq7bVcJ9V1ZXQkeGNql1fsSI0gMy1vhvNTNbUqrx+pZfJVmg=="],

    "@tokenizer/token": ["@tokenizer/token@0.3.0", "", {}, "sha512-OvjF+z51L3ov0OyAU0duzsYuvO01PH7x4t6DJx+guahgTnBHkhJdG7soQeTSFLWN3efnHyibZ4Z8l2EuWwJN3A=="],

    "@types/bcryptjs": ["@types/bcryptjs@3.0.0", "", { "dependencies": { "bcryptjs": "*" } }, "sha512-WRZOuCuaz8UcZZE4R5HXTco2goQSI2XxjGY3hbM/xDvwmqFWd4ivooImsMx65OKM6CtNKbnZ5YL+YwAwK7c1dg=="],

    "@types/node": ["@types/node@24.0.7", "", { "dependencies": { "undici-types": "~7.8.0" } }, "sha512-YIEUUr4yf8q8oQoXPpSlnvKNVKDQlPMWrmOcgzoduo7kvA2UF0/BwJ/eMKFTiTtkNL17I0M6Xe2tvwFU7be6iw=="],

    "@types/nodemailer": ["@types/nodemailer@6.4.17", "", { "dependencies": { "@types/node": "*" } }, "sha512-I9CCaIp6DTldEg7vyUTZi8+9Vo0hi1/T8gv3C89yk1rSAAzoKQ8H8ki/jBYJSFoH/BisgLP8tkZMlQ91CIquww=="],

    "bcryptjs": ["bcryptjs@3.0.2", "", { "bin": { "bcrypt": "bin/bcrypt" } }, "sha512-k38b3XOZKv60C4E2hVsXTolJWfkGRMbILBIe2IBITXciy5bOsTKot5kDrf3ZfufQtQOUN5mXceUEpU1rTl9Uog=="],

    "bowser": ["bowser@2.11.0", "", {}, "sha512-AlcaJBi/pqqJBIQ8U9Mcpc9i8Aqxn88Skv5d+xBX006BY5u8N3mGLHa5Lgppa7L/HfwgwLgZ6NYs+Ag6uUmJRA=="],

    "bun-types": ["bun-types@1.2.17", "", { "dependencies": { "@types/node": "*" } }, "sha512-ElC7ItwT3SCQwYZDYoAH+q6KT4Fxjl8DtZ6qDulUFBmXA8YB4xo+l54J9ZJN+k2pphfn9vk7kfubeSd5QfTVJQ=="],

    "cookie": ["cookie@1.0.2", "", {}, "sha512-9Kr/j4O16ISv8zBBhJoi4bXOYNTkFLOqSL3UDB0njXxCXNezjeyVrJyGOWtgfs/q2km1gwBcfH8q1yEGoMYunA=="],

    "debug": ["debug@4.4.1", "", { "dependencies": { "ms": "^2.1.3" } }, "sha512-KcKCqiftBJcZr++7ykoDIEwSa3XWowTfNPo92BYxjXiyYEVrUQh2aLyhxBCwww+heortUFxEJYcRzosstTEBYQ=="],

    "elysia": ["elysia@1.3.5", "", { "dependencies": { "cookie": "^1.0.2", "exact-mirror": "0.1.2", "fast-decode-uri-component": "^1.0.1" }, "optionalDependencies": { "@sinclair/typebox": "^0.34.33", "openapi-types": "^12.1.3" }, "peerDependencies": { "file-type": ">= 20.0.0", "typescript": ">= 5.0.0" } }, "sha512-XVIKXlKFwUT7Sta8GY+wO5reD9I0rqAEtaz1Z71UgJb61csYt8Q3W9al8rtL5RgumuRR8e3DNdzlUN9GkC4KDw=="],

    "exact-mirror": ["exact-mirror@0.1.2", "", { "peerDependencies": { "@sinclair/typebox": "^0.34.15" }, "optionalPeers": ["@sinclair/typebox"] }, "sha512-wFCPCDLmHbKGUb8TOi/IS7jLsgR8WVDGtDK3CzcB4Guf/weq7G+I+DkXiRSZfbemBFOxOINKpraM6ml78vo8Zw=="],

    "fast-decode-uri-component": ["fast-decode-uri-component@1.0.1", "", {}, "sha512-WKgKWg5eUxvRZGwW8FvfbaH7AXSh2cL+3j5fMGzUMCxWBJ3dV3a7Wz8y2f/uQ0e3B6WmodD3oS54jTQ9HVTIIg=="],

    "fast-xml-parser": ["fast-xml-parser@4.4.1", "", { "dependencies": { "strnum": "^1.0.5" }, "bin": { "fxparser": "src/cli/cli.js" } }, "sha512-xkjOecfnKGkSsOwtZ5Pz7Us/T6mrbPQrq0nh+aCO5V9nk5NLWmasAHumTKjiPJPWANe+kAZ84Jc8ooJkzZ88Sw=="],

    "fflate": ["fflate@0.8.2", "", {}, "sha512-cPJU47OaAoCbg0pBvzsgpTPhmhqI5eJjh/JIu8tPj5q+T7iLvW/JAYUqmE7KOB4R1ZyEhzBaIQpQpardBF5z8A=="],

    "file-type": ["file-type@21.0.0", "", { "dependencies": { "@tokenizer/inflate": "^0.2.7", "strtok3": "^10.2.2", "token-types": "^6.0.0", "uint8array-extras": "^1.4.0" } }, "sha512-ek5xNX2YBYlXhiUXui3D/BXa3LdqPmoLJ7rqEx2bKJ7EAUEfmXgW0Das7Dc6Nr9MvqaOnIqiPV0mZk/r/UpNAg=="],

    "ieee754": ["ieee754@1.2.1", "", {}, "sha512-dcyqhDvX1C46lXZcVqCpK+FtMRQVdIMN6/Df5js2zouUsqG7I6sFxitIC+7KYK29KdXOLHdu9zL4sFnoVQnqaA=="],

    "jose": ["jose@6.0.11", "", {}, "sha512-QxG7EaliDARm1O1S8BGakqncGT9s25bKL1WSf6/oa17Tkqwi8D2ZNglqCF+DsYF88/rV66Q/Q2mFAy697E1DUg=="],

    "kysely": ["kysely@0.28.2", "", {}, "sha512-4YAVLoF0Sf0UTqlhgQMFU9iQECdah7n+13ANkiuVfRvlK+uI0Etbgd7bVP36dKlG+NXWbhGua8vnGt+sdhvT7A=="],

    "ms": ["ms@2.1.3", "", {}, "sha512-6FlzubTLZG3J2a/NVCAleEhjzq5oxgHyaCU9yYXvcLsvoVaHJq/s5xXI6/XXP6tz7R9xAOtHnSO/tXtF3WRTlA=="],

    "nodemailer": ["nodemailer@7.0.3", "", {}, "sha512-Ajq6Sz1x7cIK3pN6KesGTah+1gnwMnx5gKl3piQlQQE/PwyJ4Mbc8is2psWYxK3RJTVeqsDaCv8ZzXLCDHMTZw=="],

    "openapi-types": ["openapi-types@12.1.3", "", {}, "sha512-N4YtSYJqghVu4iek2ZUvcN/0aqH1kRDuNqzcycDxhOUpg7GdvLa2F3DgS6yBNhInhv2r/6I0Flkn7CqL8+nIcw=="],

    "strnum": ["strnum@1.1.2", "", {}, "sha512-vrN+B7DBIoTTZjnPNewwhx6cBA/H+IS7rfW68n7XxC1y7uoiGQBxaKzqucGUgavX15dJgiGztLJ8vxuEzwqBdA=="],

    "strtok3": ["strtok3@10.3.1", "", { "dependencies": { "@tokenizer/token": "^0.3.0" } }, "sha512-3JWEZM6mfix/GCJBBUrkA8p2Id2pBkyTkVCJKto55w080QBKZ+8R171fGrbiSp+yMO/u6F8/yUh7K4V9K+YCnw=="],

    "token-types": ["token-types@6.0.1", "", { "dependencies": { "@biomejs/biome": "^2.0.5", "@tokenizer/token": "^0.3.0", "ieee754": "^1.2.1" } }, "sha512-jK12SoPQ9D33HTOIQaOhc5tN4Vr+hlbiP/GSPviCyo8/7xgPG5j4AYvl7Zd4k8RhL55eT/IUhBGl7fL06w3mrQ=="],

    "tslib": ["tslib@2.8.1", "", {}, "sha512-oJFu94HQb+KVduSUQL7wnpmqnfmLsOA/nAh6b6EH0wCEoK0/mPeXU6c3wKDV83MkOuHPRHtSXKKU99IBazS/2w=="],

    "typescript": ["typescript@5.8.3", "", { "bin": { "tsc": "bin/tsc", "tsserver": "bin/tsserver" } }, "sha512-p1diW6TqL9L07nNxvRMM7hMMw4c5XOo/1ibL4aAIGmSAt9slTE1Xgw5KWuof2uTOvCg9BY7ZRi+GaF+7sfgPeQ=="],

    "uint8array-extras": ["uint8array-extras@1.4.0", "", {}, "sha512-ZPtzy0hu4cZjv3z5NW9gfKnNLjoz4y6uv4HlelAjDK7sY/xOkKZv9xK/WQpcsBB3jEybChz9DPC2U/+cusjJVQ=="],

    "undici-types": ["undici-types@7.8.0", "", {}, "sha512-9UJ2xGDvQ43tYyVMpuHlsgApydB8ZKfVYTsLDhXkFL/6gfkp+U8xTGdh8pMJv1SpZna0zxG1DwsKZsreLbXBxw=="],

    "uuid": ["uuid@9.0.1", "", { "bin": { "uuid": "dist/bin/uuid" } }, "sha512-b+1eJOlsR9K8HJpow9Ok3fiWOWSIcIzXodvv0rQjVoOVNpWMpxf1wZNpt4y9h10odCNrqnYp1OBzRktckBe3sA=="],

    "@aws-crypto/sha256-browser/@smithy/util-utf8": ["@smithy/util-utf8@2.3.0", "", { "dependencies": { "@smithy/util-buffer-from": "^2.2.0", "tslib": "^2.6.2" } }, "sha512-R8Rdn8Hy72KKcebgLiv8jQcQkXoLMOGGv5uI1/k0l+snqkOzQ1R0ChUBCxWMlBsFMekWjq0wRudIweFs7sKT5A=="],

    "@aws-crypto/util/@smithy/util-utf8": ["@smithy/util-utf8@2.3.0", "", { "dependencies": { "@smithy/util-buffer-from": "^2.2.0", "tslib": "^2.6.2" } }, "sha512-R8Rdn8Hy72KKcebgLiv8jQcQkXoLMOGGv5uI1/k0l+snqkOzQ1R0ChUBCxWMlBsFMekWjq0wRudIweFs7sKT5A=="],

    "@aws-crypto/sha256-browser/@smithy/util-utf8/@smithy/util-buffer-from": ["@smithy/util-buffer-from@2.2.0", "", { "dependencies": { "@smithy/is-array-buffer": "^2.2.0", "tslib": "^2.6.2" } }, "sha512-IJdWBbTcMQ6DA0gdNhh/BwrLkDR+ADW5Kr1aZmd4k3DIF6ezMV4R2NIAmT08wQJ3yUK82thHWmC/TnK/wpMMIA=="],

    "@aws-crypto/util/@smithy/util-utf8/@smithy/util-buffer-from": ["@smithy/util-buffer-from@2.2.0", "", { "dependencies": { "@smithy/is-array-buffer": "^2.2.0", "tslib": "^2.6.2" } }, "sha512-IJdWBbTcMQ6DA0gdNhh/BwrLkDR+ADW5Kr1aZmd4k3DIF6ezMV4R2NIAmT08wQJ3yUK82thHWmC/TnK/wpMMIA=="],

    "@aws-crypto/sha256-browser/@smithy/util-utf8/@smithy/util-buffer-from/@smithy/is-array-buffer": ["@smithy/is-array-buffer@2.2.0", "", { "dependencies": { "tslib": "^2.6.2" } }, "sha512-GGP3O9QFD24uGeAXYUjwSTXARoqpZykHadOmA8G5vfJPK0/DC67qa//0qvqrJzL1xc8WQWX7/yc7fwudjPHPhA=="],

    "@aws-crypto/util/@smithy/util-utf8/@smithy/util-buffer-from/@smithy/is-array-buffer": ["@smithy/is-array-buffer@2.2.0", "", { "dependencies": { "tslib": "^2.6.2" } }, "sha512-GGP3O9QFD24uGeAXYUjwSTXARoqpZykHadOmA8G5vfJPK0/DC67qa//0qvqrJzL1xc8WQWX7/yc7fwudjPHPhA=="],
  }
}
