{
  "lockfileVersion": 1,
  "configVersion": 1,
  "workspaces": {
    "": {
      "name": "@solenopsys/converged-style",
      "dependencies": {
        "@biomejs/biome": "latest",
        "@types/node": "^22.7.6",
        "@unocss/core": "latest",
        "@unocss/preset-mini": "^66.5.9",
        "@unocss/preset-wind3": "latest",
        "@unocss/runtime": "latest",
        "bun-plugin-dts": "^0.3.0",
      },
      "devDependencies": {
        "@types/bun": "latest",
        "browserslist": "^4.24.0",
        "dts-bundle-generator": "^9.5.1",
        "lightningcss": "^1.27.0",
      },
      "peerDependencies": {
        "typescript": "latest",
      },
    },
  },
  "packages": {
    "@biomejs/biome": ["@biomejs/biome@2.3.6", "", { "optionalDependencies": { "@biomejs/cli-darwin-arm64": "2.3.6", "@biomejs/cli-darwin-x64": "2.3.6", "@biomejs/cli-linux-arm64": "2.3.6", "@biomejs/cli-linux-arm64-musl": "2.3.6", "@biomejs/cli-linux-x64": "2.3.6", "@biomejs/cli-linux-x64-musl": "2.3.6", "@biomejs/cli-win32-arm64": "2.3.6", "@biomejs/cli-win32-x64": "2.3.6" }, "bin": { "biome": "bin/biome" } }, "sha512-oqUhWyU6tae0MFsr/7iLe++QWRg+6jtUhlx9/0GmCWDYFFrK366sBLamNM7D9Y+c7YSynUFKr8lpEp1r6Sk7eA=="],

    "@biomejs/cli-darwin-arm64": ["@biomejs/cli-darwin-arm64@2.3.6", "", { "os": "darwin", "cpu": "arm64" }, "sha512-P4JWE5d8UayBxYe197QJwyW4ZHp0B+zvRIGCusOm1WbxmlhpAQA1zEqQuunHgSIzvyEEp4TVxiKGXNFZPg7r9Q=="],

    "@biomejs/cli-darwin-x64": ["@biomejs/cli-darwin-x64@2.3.6", "", { "os": "darwin", "cpu": "x64" }, "sha512-I4rTebj+F/L9K93IU7yTFs8nQ6EhaCOivxduRha4w4WEZK80yoZ8OAdR1F33m4yJ/NfUuTUbP/Wjs+vKjlCoWA=="],

    "@biomejs/cli-linux-arm64": ["@biomejs/cli-linux-arm64@2.3.6", "", { "os": "linux", "cpu": "arm64" }, "sha512-JjYy83eVBnvuINZiqyFO7xx72v8Srh4hsgaacSBCjC22DwM6+ZvnX1/fj8/SBiLuUOfZ8YhU2pfq2Dzakeyg1A=="],

    "@biomejs/cli-linux-arm64-musl": ["@biomejs/cli-linux-arm64-musl@2.3.6", "", { "os": "linux", "cpu": "arm64" }, "sha512-oK1NpIXIixbJ/4Tcx40cwiieqah6rRUtMGOHDeK2ToT7yUFVEvXUGRKqH0O4hqZ9tW8TcXNZKfgRH6xrsjVtGg=="],

    "@biomejs/cli-linux-x64": ["@biomejs/cli-linux-x64@2.3.6", "", { "os": "linux", "cpu": "x64" }, "sha512-ZjPXzy5yN9wusIoX+8Zp4p6cL8r0NzJCXg/4r1KLVveIPXd2jKVlqZ6ZyzEq385WwU3OX5KOwQYLQsOc788waQ=="],

    "@biomejs/cli-linux-x64-musl": ["@biomejs/cli-linux-x64-musl@2.3.6", "", { "os": "linux", "cpu": "x64" }, "sha512-QvxB8GHQeaO4FCtwJpJjCgJkbHBbWxRHUxQlod+xeaYE6gtJdSkYkuxdKAQUZEOIsec+PeaDAhW9xjzYbwmOFA=="],

    "@biomejs/cli-win32-arm64": ["@biomejs/cli-win32-arm64@2.3.6", "", { "os": "win32", "cpu": "arm64" }, "sha512-YM7hLHpwjdt8R7+O2zS1Vo2cKgqEeptiXB1tWW1rgjN5LlpZovBVKtg7zfwfRrFx3i08aNZThYpTcowpTlczug=="],

    "@biomejs/cli-win32-x64": ["@biomejs/cli-win32-x64@2.3.6", "", { "os": "win32", "cpu": "x64" }, "sha512-psgNEYgMAobY5h+QHRBVR9xvg2KocFuBKm6axZWB/aD12NWhQjiVFQUjV6wMXhlH4iT0Q9c3yK5JFRiDC/rzHA=="],

    "@jridgewell/sourcemap-codec": ["@jridgewell/sourcemap-codec@1.5.5", "", {}, "sha512-cYQ9310grqxueWbl+WuIUIaiUaDcj7WOq5fVhEljNVgRfOUhY9fy2zTvfoqWsnebh8Sl70VScFbICvJnLKB0Og=="],

    "@types/bun": ["@types/bun@1.3.2", "", { "dependencies": { "bun-types": "1.3.2" } }, "sha512-t15P7k5UIgHKkxwnMNkJbWlh/617rkDGEdSsDbu+qNHTaz9SKf7aC8fiIlUdD5RPpH6GEkP0cK7WlvmrEBRtWg=="],

    "@types/node": ["@types/node@22.19.1", "", { "dependencies": { "undici-types": "~6.21.0" } }, "sha512-LCCV0HdSZZZb34qifBsyWlUmok6W7ouER+oQIGBScS8EsZsQbrtFTUrDX4hOl+CS6p7cnNC4td+qrSVGSCTUfQ=="],

    "@types/react": ["@types/react@19.2.6", "", { "dependencies": { "csstype": "^3.2.2" } }, "sha512-p/jUvulfgU7oKtj6Xpk8cA2Y1xKTtICGpJYeJXz2YVO2UcvjQgeRMLDGfDeqeRW2Ta+0QNFwcc8X3GH8SxZz6w=="],

    "@unocss/core": ["@unocss/core@66.5.7", "", {}, "sha512-5ZEjmqRHlwRVSfoVQvy1QKOIfEB9MYRHmYTlwbEvNReFE3Nr0jMk08mo+F80jlb0eoTFjELEUJe9EiEowQeKhQ=="],

    "@unocss/extractor-arbitrary-variants": ["@unocss/extractor-arbitrary-variants@66.5.9", "", { "dependencies": { "@unocss/core": "66.5.9" } }, "sha512-b+D6HbtN4hpGcThdJ8IVPl3xXdNN//Rw+WhyIuRdjwCPMsOfLnEqehPm1f5Rcc+xfFwxYJwC35SZnoBSrRMULg=="],

    "@unocss/preset-attributify": ["@unocss/preset-attributify@66.5.7", "", { "dependencies": { "@unocss/core": "66.5.7" } }, "sha512-tN6P565MjtViqM75f3m6a9eJEWhF6ZxI01Hol7Yb5qMVb3Y2/8c80KSB2PTeGR7TX7YnTZV86CvHQNVLuPNGVg=="],

    "@unocss/preset-mini": ["@unocss/preset-mini@66.5.9", "", { "dependencies": { "@unocss/core": "66.5.9", "@unocss/extractor-arbitrary-variants": "66.5.9", "@unocss/rule-utils": "66.5.9" } }, "sha512-5SxMTT8kRi+SFNfTKUvFBA4E/4H5BwD5RPNeIbrNlHdeltK8rwCMpXWu5AihNR1kKt5JBBqe/8m0UdoZzAK0+A=="],

    "@unocss/preset-uno": ["@unocss/preset-uno@66.5.7", "", { "dependencies": { "@unocss/core": "66.5.7", "@unocss/preset-wind3": "66.5.7" } }, "sha512-cBH9wT8JjEnl8fnrJhgh+f1C1yJ/ZtKsI5yGTiM8PSsaZ8mG5hUqtoMZpOYmXIGn0S6wfeyCAEYES0Q78er1JA=="],

    "@unocss/preset-wind3": ["@unocss/preset-wind3@66.5.7", "", { "dependencies": { "@unocss/core": "66.5.7", "@unocss/preset-mini": "66.5.7", "@unocss/rule-utils": "66.5.7" } }, "sha512-ua0INcibg2OJ+oq4lML8xJuyphDyWfia1p9i/cL1AJ8GrTRW/w8Lp9rPu6nhEPaRzVVOWifoUBO+4lK+gIQrBQ=="],

    "@unocss/rule-utils": ["@unocss/rule-utils@66.5.9", "", { "dependencies": { "@unocss/core": "^66.5.9", "magic-string": "^0.30.21" } }, "sha512-ZdtWqbOaNQLf6NFhcEkvaBf0fjm5GZP5NV/plmQEqK6ehe1TTpaqOtO0LBFD2BUy72oXlcsFnvdgWt/CpL6FLg=="],

    "@unocss/runtime": ["@unocss/runtime@66.5.7", "", { "dependencies": { "@unocss/core": "66.5.7", "@unocss/preset-attributify": "66.5.7", "@unocss/preset-uno": "66.5.7" } }, "sha512-89A3hLk+NYQOg1EKUYrgY6QEXQXvU6D84ZSv66dGBLlFKza/oG5eNZF2OtAJLoyEOqdbI6wsx5bus4gonXY/Pw=="],

    "ansi-regex": ["ansi-regex@5.0.1", "", {}, "sha512-quJQXlTSUGL2LH9SUXo8VwsY4soanhgo6LNSm84E1LBcE8s3O0wpdiRzyR9z/ZZJMlMWv37qOOb9pdJlMUEKFQ=="],

    "ansi-styles": ["ansi-styles@4.3.0", "", { "dependencies": { "color-convert": "^2.0.1" } }, "sha512-zbB9rCJAT1rbjiVDb2hqKFHNYLxgtk8NURxZ3IZwD3F6NtxbXZQCnnSi1Lkx+IDohdPlFp222wVALIheZJQSEg=="],

    "baseline-browser-mapping": ["baseline-browser-mapping@2.8.29", "", { "bin": { "baseline-browser-mapping": "dist/cli.js" } }, "sha512-sXdt2elaVnhpDNRDz+1BDx1JQoJRuNk7oVlAlbGiFkLikHCAQiccexF/9e91zVi6RCgqspl04aP+6Cnl9zRLrA=="],

    "browserslist": ["browserslist@4.28.0", "", { "dependencies": { "baseline-browser-mapping": "^2.8.25", "caniuse-lite": "^1.0.30001754", "electron-to-chromium": "^1.5.249", "node-releases": "^2.0.27", "update-browserslist-db": "^1.1.4" }, "bin": { "browserslist": "cli.js" } }, "sha512-tbydkR/CxfMwelN0vwdP/pLkDwyAASZ+VfWm4EOwlB6SWhx1sYnWLqo8N5j0rAzPfzfRaxt0mM/4wPU/Su84RQ=="],

    "bun-plugin-dts": ["bun-plugin-dts@0.3.0", "", { "dependencies": { "common-path-prefix": "^3.0.0", "dts-bundle-generator": "^9.5.1", "get-tsconfig": "^4.8.1" } }, "sha512-QpiAOKfPcdOToxySOqRY8FwL+brTvyXEHWzrSCRKt4Pv7Z4pnUrhK9tFtM7Ndm7ED09B/0cGXnHJKqmekr/ERw=="],

    "bun-types": ["bun-types@1.3.2", "", { "dependencies": { "@types/node": "*" }, "peerDependencies": { "@types/react": "^19" } }, "sha512-i/Gln4tbzKNuxP70OWhJRZz1MRfvqExowP7U6JKoI8cntFrtxg7RJK3jvz7wQW54UuvNC8tbKHHri5fy74FVqg=="],

    "caniuse-lite": ["caniuse-lite@1.0.30001756", "", {}, "sha512-4HnCNKbMLkLdhJz3TToeVWHSnfJvPaq6vu/eRP0Ahub/07n484XHhBF5AJoSGHdVrS8tKFauUQz8Bp9P7LVx7A=="],

    "cliui": ["cliui@8.0.1", "", { "dependencies": { "string-width": "^4.2.0", "strip-ansi": "^6.0.1", "wrap-ansi": "^7.0.0" } }, "sha512-BSeNnyus75C4//NQ9gQt1/csTXyo/8Sb+afLAkzAptFuMsod9HFokGNudZpi/oQV73hnVK+sR+5PVRMd+Dr7YQ=="],

    "color-convert": ["color-convert@2.0.1", "", { "dependencies": { "color-name": "~1.1.4" } }, "sha512-RRECPsj7iu/xb5oKYcsFHSppFNnsj/52OVTRKb4zP5onXwVF3zVmmToNcOfGC+CRDpfK/U584fMg38ZHCaElKQ=="],

    "color-name": ["color-name@1.1.4", "", {}, "sha512-dOy+3AuW3a2wNbZHIuMZpTcgjGuLU/uBL/ubcZF9OXbDo8ff4O8yVp5Bf0efS8uEoYo5q4Fx7dY9OgQGXgAsQA=="],

    "common-path-prefix": ["common-path-prefix@3.0.0", "", {}, "sha512-QE33hToZseCH3jS0qN96O/bSh3kaw/h+Tq7ngyY9eWDUnTlTNUyqfqvCXioLe5Na5jFsL78ra/wuBU4iuEgd4w=="],

    "csstype": ["csstype@3.2.3", "", {}, "sha512-z1HGKcYy2xA8AGQfwrn0PAy+PB7X/GSj3UVJW9qKyn43xWa+gl5nXmU4qqLMRzWVLFC8KusUX8T/0kCiOYpAIQ=="],

    "detect-libc": ["detect-libc@2.1.2", "", {}, "sha512-Btj2BOOO83o3WyH59e8MgXsxEQVcarkUOpEYrubB0urwnN10yQ364rsiByU11nZlqWYZm05i/of7io4mzihBtQ=="],

    "dts-bundle-generator": ["dts-bundle-generator@9.5.1", "", { "dependencies": { "typescript": ">=5.0.2", "yargs": "^17.6.0" }, "bin": { "dts-bundle-generator": "dist/bin/dts-bundle-generator.js" } }, "sha512-DxpJOb2FNnEyOzMkG11sxO2dmxPjthoVWxfKqWYJ/bI/rT1rvTMktF5EKjAYrRZu6Z6t3NhOUZ0sZ5ZXevOfbA=="],

    "electron-to-chromium": ["electron-to-chromium@1.5.258", "", {}, "sha512-rHUggNV5jKQ0sSdWwlaRDkFc3/rRJIVnOSe9yR4zrR07m3ZxhP4N27Hlg8VeJGGYgFTxK5NqDmWI4DSH72vIJg=="],

    "emoji-regex": ["emoji-regex@8.0.0", "", {}, "sha512-MSjYzcWNOA0ewAHpz0MxpYFvwg6yjy1NG3xteoqz644VCo/RPgnr1/GGt+ic3iJTzQ8Eu3TdM14SawnVUmGE6A=="],

    "escalade": ["escalade@3.2.0", "", {}, "sha512-WUj2qlxaQtO4g6Pq5c29GTcWGDyd8itL8zTlipgECz3JesAiiOKotd8JU6otB3PACgG6xkJUyVhboMS+bje/jA=="],

    "get-caller-file": ["get-caller-file@2.0.5", "", {}, "sha512-DyFP3BM/3YHTQOCUL/w0OZHR0lpKeGrxotcHWcqNEdnltqFwXVfhEBQ94eIo34AfQpo0rGki4cyIiftY06h2Fg=="],

    "get-tsconfig": ["get-tsconfig@4.13.0", "", { "dependencies": { "resolve-pkg-maps": "^1.0.0" } }, "sha512-1VKTZJCwBrvbd+Wn3AOgQP/2Av+TfTCOlE4AcRJE72W1ksZXbAx8PPBR9RzgTeSPzlPMHrbANMH3LbltH73wxQ=="],

    "is-fullwidth-code-point": ["is-fullwidth-code-point@3.0.0", "", {}, "sha512-zymm5+u+sCsSWyD9qNaejV3DFvhCKclKdizYaJUuHA83RLjb7nSuGnddCHGv0hk+KY7BMAlsWeK4Ueg6EV6XQg=="],

    "lightningcss": ["lightningcss@1.30.2", "", { "dependencies": { "detect-libc": "^2.0.3" }, "optionalDependencies": { "lightningcss-android-arm64": "1.30.2", "lightningcss-darwin-arm64": "1.30.2", "lightningcss-darwin-x64": "1.30.2", "lightningcss-freebsd-x64": "1.30.2", "lightningcss-linux-arm-gnueabihf": "1.30.2", "lightningcss-linux-arm64-gnu": "1.30.2", "lightningcss-linux-arm64-musl": "1.30.2", "lightningcss-linux-x64-gnu": "1.30.2", "lightningcss-linux-x64-musl": "1.30.2", "lightningcss-win32-arm64-msvc": "1.30.2", "lightningcss-win32-x64-msvc": "1.30.2" } }, "sha512-utfs7Pr5uJyyvDETitgsaqSyjCb2qNRAtuqUeWIAKztsOYdcACf2KtARYXg2pSvhkt+9NfoaNY7fxjl6nuMjIQ=="],

    "lightningcss-android-arm64": ["lightningcss-android-arm64@1.30.2", "", { "os": "android", "cpu": "arm64" }, "sha512-BH9sEdOCahSgmkVhBLeU7Hc9DWeZ1Eb6wNS6Da8igvUwAe0sqROHddIlvU06q3WyXVEOYDZ6ykBZQnjTbmo4+A=="],

    "lightningcss-darwin-arm64": ["lightningcss-darwin-arm64@1.30.2", "", { "os": "darwin", "cpu": "arm64" }, "sha512-ylTcDJBN3Hp21TdhRT5zBOIi73P6/W0qwvlFEk22fkdXchtNTOU4Qc37SkzV+EKYxLouZ6M4LG9NfZ1qkhhBWA=="],

    "lightningcss-darwin-x64": ["lightningcss-darwin-x64@1.30.2", "", { "os": "darwin", "cpu": "x64" }, "sha512-oBZgKchomuDYxr7ilwLcyms6BCyLn0z8J0+ZZmfpjwg9fRVZIR5/GMXd7r9RH94iDhld3UmSjBM6nXWM2TfZTQ=="],

    "lightningcss-freebsd-x64": ["lightningcss-freebsd-x64@1.30.2", "", { "os": "freebsd", "cpu": "x64" }, "sha512-c2bH6xTrf4BDpK8MoGG4Bd6zAMZDAXS569UxCAGcA7IKbHNMlhGQ89eRmvpIUGfKWNVdbhSbkQaWhEoMGmGslA=="],

    "lightningcss-linux-arm-gnueabihf": ["lightningcss-linux-arm-gnueabihf@1.30.2", "", { "os": "linux", "cpu": "arm" }, "sha512-eVdpxh4wYcm0PofJIZVuYuLiqBIakQ9uFZmipf6LF/HRj5Bgm0eb3qL/mr1smyXIS1twwOxNWndd8z0E374hiA=="],

    "lightningcss-linux-arm64-gnu": ["lightningcss-linux-arm64-gnu@1.30.2", "", { "os": "linux", "cpu": "arm64" }, "sha512-UK65WJAbwIJbiBFXpxrbTNArtfuznvxAJw4Q2ZGlU8kPeDIWEX1dg3rn2veBVUylA2Ezg89ktszWbaQnxD/e3A=="],

    "lightningcss-linux-arm64-musl": ["lightningcss-linux-arm64-musl@1.30.2", "", { "os": "linux", "cpu": "arm64" }, "sha512-5Vh9dGeblpTxWHpOx8iauV02popZDsCYMPIgiuw97OJ5uaDsL86cnqSFs5LZkG3ghHoX5isLgWzMs+eD1YzrnA=="],

    "lightningcss-linux-x64-gnu": ["lightningcss-linux-x64-gnu@1.30.2", "", { "os": "linux", "cpu": "x64" }, "sha512-Cfd46gdmj1vQ+lR6VRTTadNHu6ALuw2pKR9lYq4FnhvgBc4zWY1EtZcAc6EffShbb1MFrIPfLDXD6Xprbnni4w=="],

    "lightningcss-linux-x64-musl": ["lightningcss-linux-x64-musl@1.30.2", "", { "os": "linux", "cpu": "x64" }, "sha512-XJaLUUFXb6/QG2lGIW6aIk6jKdtjtcffUT0NKvIqhSBY3hh9Ch+1LCeH80dR9q9LBjG3ewbDjnumefsLsP6aiA=="],

    "lightningcss-win32-arm64-msvc": ["lightningcss-win32-arm64-msvc@1.30.2", "", { "os": "win32", "cpu": "arm64" }, "sha512-FZn+vaj7zLv//D/192WFFVA0RgHawIcHqLX9xuWiQt7P0PtdFEVaxgF9rjM/IRYHQXNnk61/H/gb2Ei+kUQ4xQ=="],

    "lightningcss-win32-x64-msvc": ["lightningcss-win32-x64-msvc@1.30.2", "", { "os": "win32", "cpu": "x64" }, "sha512-5g1yc73p+iAkid5phb4oVFMB45417DkRevRbt/El/gKXJk4jid+vPFF/AXbxn05Aky8PapwzZrdJShv5C0avjw=="],

    "magic-string": ["magic-string@0.30.21", "", { "dependencies": { "@jridgewell/sourcemap-codec": "^1.5.5" } }, "sha512-vd2F4YUyEXKGcLHoq+TEyCjxueSeHnFxyyjNp80yg0XV4vUhnDer/lvvlqM/arB5bXQN5K2/3oinyCRyx8T2CQ=="],

    "node-releases": ["node-releases@2.0.27", "", {}, "sha512-nmh3lCkYZ3grZvqcCH+fjmQ7X+H0OeZgP40OierEaAptX4XofMh5kwNbWh7lBduUzCcV/8kZ+NDLCwm2iorIlA=="],

    "picocolors": ["picocolors@1.1.1", "", {}, "sha512-xceH2snhtb5M9liqDsmEw56le376mTZkEX/jEb/RxNFyegNul7eNslCXP9FDj/Lcu0X8KEyMceP2ntpaHrDEVA=="],

    "require-directory": ["require-directory@2.1.1", "", {}, "sha512-fGxEI7+wsG9xrvdjsrlmL22OMTTiHRwAMroiEeMgq8gzoLC/PQr7RsRDSTLUg/bZAZtF+TVIkHc6/4RIKrui+Q=="],

    "resolve-pkg-maps": ["resolve-pkg-maps@1.0.0", "", {}, "sha512-seS2Tj26TBVOC2NIc2rOe2y2ZO7efxITtLZcGSOnHHNOQ7CkiUBfw0Iw2ck6xkIhPwLhKNLS8BO+hEpngQlqzw=="],

    "string-width": ["string-width@4.2.3", "", { "dependencies": { "emoji-regex": "^8.0.0", "is-fullwidth-code-point": "^3.0.0", "strip-ansi": "^6.0.1" } }, "sha512-wKyQRQpjJ0sIp62ErSZdGsjMJWsap5oRNihHhu6G7JVO/9jIB6UyevL+tXuOqrng8j/cxKTWyWUwvSTriiZz/g=="],

    "strip-ansi": ["strip-ansi@6.0.1", "", { "dependencies": { "ansi-regex": "^5.0.1" } }, "sha512-Y38VPSHcqkFrCpFnQ9vuSXmquuv5oXOKpGeT6aGrr3o3Gc9AlVa6JBfUSOCnbxGGZF+/0ooI7KrPuUSztUdU5A=="],

    "typescript": ["typescript@5.9.3", "", { "bin": { "tsc": "bin/tsc", "tsserver": "bin/tsserver" } }, "sha512-jl1vZzPDinLr9eUt3J/t7V6FgNEw9QjvBPdysz9KfQDD41fQrC2Y4vKQdiaUpFT4bXlb1RHhLpp8wtm6M5TgSw=="],

    "undici-types": ["undici-types@6.21.0", "", {}, "sha512-iwDZqg0QAGrg9Rav5H4n0M64c3mkR59cJ6wQp+7C4nI0gsmExaedaYLNO44eT4AtBBwjbTiGPMlt2Md0T9H9JQ=="],

    "update-browserslist-db": ["update-browserslist-db@1.1.4", "", { "dependencies": { "escalade": "^3.2.0", "picocolors": "^1.1.1" }, "peerDependencies": { "browserslist": ">= 4.21.0" }, "bin": { "update-browserslist-db": "cli.js" } }, "sha512-q0SPT4xyU84saUX+tomz1WLkxUbuaJnR1xWt17M7fJtEJigJeWUNGUqrauFXsHnqev9y9JTRGwk13tFBuKby4A=="],

    "wrap-ansi": ["wrap-ansi@7.0.0", "", { "dependencies": { "ansi-styles": "^4.0.0", "string-width": "^4.1.0", "strip-ansi": "^6.0.0" } }, "sha512-YVGIj2kamLSTxw6NsZjoBxfSwsn0ycdesmc4p+Q21c5zPuZ1pl+NfxVdxPtdHvmNVOQ6XSYG4AUtyt/Fi7D16Q=="],

    "y18n": ["y18n@5.0.8", "", {}, "sha512-0pfFzegeDWJHJIAmTLRP2DwHjdF5s7jo9tuztdQxAhINCdvS+3nGINqPd00AphqJR/0LhANUS6/+7SCb98YOfA=="],

    "yargs": ["yargs@17.7.2", "", { "dependencies": { "cliui": "^8.0.1", "escalade": "^3.1.1", "get-caller-file": "^2.0.5", "require-directory": "^2.1.1", "string-width": "^4.2.3", "y18n": "^5.0.5", "yargs-parser": "^21.1.1" } }, "sha512-7dSzzRQ++CKnNI/krKnYRV7JKKPUXMEh61soaHKg9mrWEhzFWhFnxPxGl+69cD1Ou63C13NUPCnmIcrvqCuM6w=="],

    "yargs-parser": ["yargs-parser@21.1.1", "", {}, "sha512-tVpsJW7DdjecAiFpbIB1e3qxIQsE6NoPc5/eTdrbbIC4h0LVsWhnoa3g+m2HclBIujHzsxZ4VJVA+GUuc2/LBw=="],

    "@unocss/extractor-arbitrary-variants/@unocss/core": ["@unocss/core@66.5.9", "", {}, "sha512-0ch1dN1AJFX+QCxaQR6WLfWqr8PHt7U/wqSTm5vdLXTsm96R7ggCGMs360TiDMimDUvXak6gka+y/6wdQBf8/A=="],

    "@unocss/preset-mini/@unocss/core": ["@unocss/core@66.5.9", "", {}, "sha512-0ch1dN1AJFX+QCxaQR6WLfWqr8PHt7U/wqSTm5vdLXTsm96R7ggCGMs360TiDMimDUvXak6gka+y/6wdQBf8/A=="],

    "@unocss/preset-wind3/@unocss/preset-mini": ["@unocss/preset-mini@66.5.7", "", { "dependencies": { "@unocss/core": "66.5.7", "@unocss/extractor-arbitrary-variants": "66.5.7", "@unocss/rule-utils": "66.5.7" } }, "sha512-rDAOv0xfoPSqIHHilie1g3zNEvDLXrmz4LI7Wb8T0P6TGCZMI1rn10S8odHi8PeQUER3cpOAgSeNgdUnxZ7y2g=="],

    "@unocss/preset-wind3/@unocss/rule-utils": ["@unocss/rule-utils@66.5.7", "", { "dependencies": { "@unocss/core": "^66.5.7", "magic-string": "^0.30.21" } }, "sha512-239fcZXoeShgOWMD73FCyitJSyAj6XOOIocLVYXBIO9QWGdeyli2tlOayFnXCQB/vqhBQv5Cq1EGTWJKuVBKRA=="],

    "@unocss/rule-utils/@unocss/core": ["@unocss/core@66.5.9", "", {}, "sha512-0ch1dN1AJFX+QCxaQR6WLfWqr8PHt7U/wqSTm5vdLXTsm96R7ggCGMs360TiDMimDUvXak6gka+y/6wdQBf8/A=="],

    "@unocss/preset-wind3/@unocss/preset-mini/@unocss/extractor-arbitrary-variants": ["@unocss/extractor-arbitrary-variants@66.5.7", "", { "dependencies": { "@unocss/core": "66.5.7" } }, "sha512-yuRSCWl6KU+lhpuPwvq54lp3bYAxthWlJNLXTbqVwqhY0LV9ElSf4fJcrMlijWCNA5+GlDYeaPPX+YQ0rGn0gg=="],
  }
}
